
Microsoft Visual Studio Solution File, Format Version 12.00
# Visual Studio Version 16
VisualStudioVersion = 16.0.31019.35
MinimumVisualStudioVersion = 10.0.40219.1
Project("{FAE04EC0-301F-11D3-BF4B-00C04F79EFBC}") = "SocketServerConsole", "SocketServerConsole.csproj", "{D737B825-CDD9-43C3-98C3-5214A2A11251}"
EndProject
Global
	GlobalSection(SolutionConfigurationPlatforms) = preSolution
		Debug|Any CPU = Debug|Any CPU
		Release|Any CPU = Release|Any CPU
	EndGlobalSection
	GlobalSection(ProjectConfigurationPlatforms) = postSolution
		{D737B825-CDD9-43C3-98C3-5214A2A11251}.Debug|Any CPU.ActiveCfg = Debug|Any CPU
		{D737B825-CDD9-43C3-98C3-5214A2A11251}.Debug|Any CPU.Build.0 = Debug|Any CPU
		{D737B825-CDD9-43C3-98C3-5214A2A11251}.Release|Any CPU.ActiveCfg = Release|Any CPU
		{D737B825-CDD9-43C3-98C3-5214A2A11251}.Release|Any CPU.Build.0 = Release|Any CPU
	EndGlobalSection
	GlobalSection(SolutionProperties) = preSolution
		HideSolutionNode = FALSE
	EndGlobalSection
	GlobalSection(ExtensibilityGlobals) = postSolution
		SolutionGuid = {979D48E4-FE71-46E9-ABD0-10CBBC65C17E}
	EndGlobalSection
EndGlobal
